
Microsoft Visual Studio Solution File, Format Version 12.00
# Visual Studio 15
VisualStudioVersion = 15.0.27428.2005
MinimumVisualStudioVersion = 10.0.40219.1
Project("{9A19103F-16F7-4668-BE54-9A1E7A4F7556}") = "AccountingNotebook", "AccountingNotebook\AccountingNotebook.csproj", "{3696E912-1CAE-45DF-AB34-6AF54EB4CF54}"
EndProject
Project("{E24C65DC-7377-472B-9ABA-BC803B73C61A}") = "AngularClient", "AngularClient\", "{9874C6E7-A7C4-4D10-9FFB-C66F899E100C}"
	ProjectSection(WebsiteProperties) = preProject
		TargetFrameworkMoniker = ".NETFramework,Version%3Dv4.0"
		Debug.AspNetCompiler.VirtualPath = "/localhost_54380"
		Debug.AspNetCompiler.PhysicalPath = "AngularClient\"
		Debug.AspNetCompiler.TargetPath = "PrecompiledWeb\localhost_54380\"
		Debug.AspNetCompiler.Updateable = "true"
		Debug.AspNetCompiler.ForceOverwrite = "true"
		Debug.AspNetCompiler.FixedNames = "false"
		Debug.AspNetCompiler.Debug = "True"
		Release.AspNetCompiler.VirtualPath = "/localhost_54380"
		Release.AspNetCompiler.PhysicalPath = "AngularClient\"
		Release.AspNetCompiler.TargetPath = "PrecompiledWeb\localhost_54380\"
		Release.AspNetCompiler.Updateable = "true"
		Release.AspNetCompiler.ForceOverwrite = "true"
		Release.AspNetCompiler.FixedNames = "false"
		Release.AspNetCompiler.Debug = "False"
		VWDPort = "54380"
	EndProjectSection
EndProject
Global
	GlobalSection(SolutionConfigurationPlatforms) = preSolution
		Debug|Any CPU = Debug|Any CPU
		Release|Any CPU = Release|Any CPU
	EndGlobalSection
	GlobalSection(ProjectConfigurationPlatforms) = postSolution
		{3696E912-1CAE-45DF-AB34-6AF54EB4CF54}.Debug|Any CPU.ActiveCfg = Debug|Any CPU
		{3696E912-1CAE-45DF-AB34-6AF54EB4CF54}.Debug|Any CPU.Build.0 = Debug|Any CPU
		{3696E912-1CAE-45DF-AB34-6AF54EB4CF54}.Release|Any CPU.ActiveCfg = Release|Any CPU
		{3696E912-1CAE-45DF-AB34-6AF54EB4CF54}.Release|Any CPU.Build.0 = Release|Any CPU
		{9874C6E7-A7C4-4D10-9FFB-C66F899E100C}.Debug|Any CPU.ActiveCfg = Debug|Any CPU
		{9874C6E7-A7C4-4D10-9FFB-C66F899E100C}.Debug|Any CPU.Build.0 = Debug|Any CPU
		{9874C6E7-A7C4-4D10-9FFB-C66F899E100C}.Release|Any CPU.ActiveCfg = Debug|Any CPU
		{9874C6E7-A7C4-4D10-9FFB-C66F899E100C}.Release|Any CPU.Build.0 = Debug|Any CPU
	EndGlobalSection
	GlobalSection(SolutionProperties) = preSolution
		HideSolutionNode = FALSE
	EndGlobalSection
	GlobalSection(ExtensibilityGlobals) = postSolution
		SolutionGuid = {5ED9897E-B993-4FF1-9D52-C37F36A44C5D}
	EndGlobalSection
EndGlobal
